{
  "originHash" : "6d5d7e58c3432a11f920e57342b852b0a79d4a1fcb7c04a580018c83241d89a6",
  "pins" : [
    {
      "identity" : "generative-ai-swift",
      "kind" : "remoteSourceControl",
      "location" : "https://github.com/google/generative-ai-swift",
      "state" : {
        "revision" : "44b8ce120425f9cf53ca756f3434ca2c2696f8bd",
        "version" : "0.5.6"
      }
    },
    {
      "identity" : "ollama-swift",
      "kind" : "remoteSourceControl",
      "location" : "https://github.com/mattt/ollama-swift.git",
      "state" : {
        "revision" : "5b2fe0356781b7033a4089b7c7d89299ae5e52bf",
        "version" : "1.2.0"
      }
    }
  ],
  "version" : 3
}
