{
  "originHash" : "1d8d71806fcc59e33359f081dc2dea3a7b0562759bfad5a989617718304e9422",
  "pins" : [
    {
      "identity" : "generative-ai-swift",
      "kind" : "remoteSourceControl",
      "location" : "https://github.com/google/generative-ai-swift",
      "state" : {
        "revision" : "44b8ce120425f9cf53ca756f3434ca2c2696f8bd",
        "version" : "0.5.6"
      }
    },
    {
      "identity" : "ollama-swift",
      "kind" : "remoteSourceControl",
      "location" : "https://github.com/mattt/ollama-swift",
      "state" : {
        "revision" : "5b2fe0356781b7033a4089b7c7d89299ae5e52bf",
        "version" : "1.2.0"
      }
    }
  ],
  "version" : 3
}
