{
  "originHash" : "642d04bb70d8d2c94eb46f6520eddcf70cbe21fd2991e78d1a5e1360de94ee94",
  "pins" : [
    {
      "identity" : "generative-ai-swift",
      "kind" : "remoteSourceControl",
      "location" : "https://github.com/google/generative-ai-swift",
      "state" : {
        "revision" : "44b8ce120425f9cf53ca756f3434ca2c2696f8bd",
        "version" : "0.5.6"
      }
    },
    {
      "identity" : "ollamakit",
      "kind" : "remoteSourceControl",
      "location" : "https://github.com/kevinhermawan/OllamaKit.git",
      "state" : {
        "revision" : "791c4c74ee3e67a5bb4a50dc6620c590f119cfd1",
        "version" : "5.0.7"
      }
    }
  ],
  "version" : 3
}
